# THIS IS AN AUTOGENERATED FILE. DO NOT EDIT THIS FILE DIRECTLY.
# yarn lockfile v1


"@fontsource/roboto@^5.0.8":
  version "5.0.8"
  resolved "https://registry.yarnpkg.com/@fontsource/roboto/-/roboto-5.0.8.tgz#613b477a56f21b5705db1a67e995c033ef317f76"
  integrity sha512-XxPltXs5R31D6UZeLIV1td3wTXU3jzd3f2DLsXI8tytMGBkIsGcc9sIyiupRtA8y73HAhuSCeweOoBqf6DbWCA==
